
Microsoft Visual Studio Solution File, Format Version 12.00
# Visual Studio Version 16
VisualStudioVersion = 16.0.29025.244
MinimumVisualStudioVersion = 10.0.40219.1
Project("{FAE04EC0-301F-11D3-BF4B-00C04F79EFBC}") = "WindowsFormsApp4", "WindowsFormsApp4\WindowsFormsApp4.csproj", "{EFF15A84-7C04-469B-B6E4-4F05F67282FB}"
EndProject
Global
	GlobalSection(SolutionConfigurationPlatforms) = preSolution
		Debug|Any CPU = Debug|Any CPU
		Release|Any CPU = Release|Any CPU
	EndGlobalSection
	GlobalSection(ProjectConfigurationPlatforms) = postSolution
		{EFF15A84-7C04-469B-B6E4-4F05F67282FB}.Debug|Any CPU.ActiveCfg = Debug|Any CPU
		{EFF15A84-7C04-469B-B6E4-4F05F67282FB}.Debug|Any CPU.Build.0 = Debug|Any CPU
		{EFF15A84-7C04-469B-B6E4-4F05F67282FB}.Release|Any CPU.ActiveCfg = Release|Any CPU
		{EFF15A84-7C04-469B-B6E4-4F05F67282FB}.Release|Any CPU.Build.0 = Release|Any CPU
	EndGlobalSection
	GlobalSection(SolutionProperties) = preSolution
		HideSolutionNode = FALSE
	EndGlobalSection
	GlobalSection(ExtensibilityGlobals) = postSolution
		SolutionGuid = {B955C22A-6BEB-460D-8351-2A9A1AC003CF}
	EndGlobalSection
EndGlobal
