
Microsoft Visual Studio Solution File, Format Version 12.00
# Visual Studio Version 16
VisualStudioVersion = 16.0.29025.244
MinimumVisualStudioVersion = 10.0.40219.1
Project("{FAE04EC0-301F-11D3-BF4B-00C04F79EFBC}") = "Dosyavericekme", "Dosyavericekme\Dosyavericekme.csproj", "{B3D6176E-A1FE-456C-B9C4-E8653F415195}"
EndProject
Global
	GlobalSection(SolutionConfigurationPlatforms) = preSolution
		Debug|Any CPU = Debug|Any CPU
		Release|Any CPU = Release|Any CPU
	EndGlobalSection
	GlobalSection(ProjectConfigurationPlatforms) = postSolution
		{B3D6176E-A1FE-456C-B9C4-E8653F415195}.Debug|Any CPU.ActiveCfg = Debug|Any CPU
		{B3D6176E-A1FE-456C-B9C4-E8653F415195}.Debug|Any CPU.Build.0 = Debug|Any CPU
		{B3D6176E-A1FE-456C-B9C4-E8653F415195}.Release|Any CPU.ActiveCfg = Release|Any CPU
		{B3D6176E-A1FE-456C-B9C4-E8653F415195}.Release|Any CPU.Build.0 = Release|Any CPU
	EndGlobalSection
	GlobalSection(SolutionProperties) = preSolution
		HideSolutionNode = FALSE
	EndGlobalSection
	GlobalSection(ExtensibilityGlobals) = postSolution
		SolutionGuid = {01D12F40-82AF-4DAE-9EB4-A9F4DCB970F7}
	EndGlobalSection
EndGlobal
