
Microsoft Visual Studio Solution File, Format Version 12.00
# Visual Studio Version 16
VisualStudioVersion = 16.0.29025.244
MinimumVisualStudioVersion = 10.0.40219.1
Project("{FAE04EC0-301F-11D3-BF4B-00C04F79EFBC}") = "WindowsFormsApp2", "WindowsFormsApp2\WindowsFormsApp2.csproj", "{B256B9F4-E4FD-436E-8045-51BEAEBDD4CA}"
EndProject
Global
	GlobalSection(SolutionConfigurationPlatforms) = preSolution
		Debug|Any CPU = Debug|Any CPU
		Release|Any CPU = Release|Any CPU
	EndGlobalSection
	GlobalSection(ProjectConfigurationPlatforms) = postSolution
		{B256B9F4-E4FD-436E-8045-51BEAEBDD4CA}.Debug|Any CPU.ActiveCfg = Debug|Any CPU
		{B256B9F4-E4FD-436E-8045-51BEAEBDD4CA}.Debug|Any CPU.Build.0 = Debug|Any CPU
		{B256B9F4-E4FD-436E-8045-51BEAEBDD4CA}.Release|Any CPU.ActiveCfg = Release|Any CPU
		{B256B9F4-E4FD-436E-8045-51BEAEBDD4CA}.Release|Any CPU.Build.0 = Release|Any CPU
	EndGlobalSection
	GlobalSection(SolutionProperties) = preSolution
		HideSolutionNode = FALSE
	EndGlobalSection
	GlobalSection(ExtensibilityGlobals) = postSolution
		SolutionGuid = {8D1387B4-7EA7-41F7-8E7D-A60EFD9E3CED}
	EndGlobalSection
EndGlobal
